
Microsoft Visual Studio Solution File, Format Version 12.00
# Visual Studio 15
VisualStudioVersion = 15.0.27130.2036
MinimumVisualStudioVersion = 10.0.40219.1
Project("{8BC9CEB8-8B4A-11D0-8D11-00A0C91BC942}") = "testServer", "testServer\testServer.vcxproj", "{FE44ADE1-9624-4000-B2E5-662E0FE0F399}"
EndProject
Global
	GlobalSection(SolutionConfigurationPlatforms) = preSolution
		Debug|x64 = Debug|x64
		Debug|x86 = Debug|x86
		Release|x64 = Release|x64
		Release|x86 = Release|x86
	EndGlobalSection
	GlobalSection(ProjectConfigurationPlatforms) = postSolution
		{FE44ADE1-9624-4000-B2E5-662E0FE0F399}.Debug|x64.ActiveCfg = Debug|x64
		{FE44ADE1-9624-4000-B2E5-662E0FE0F399}.Debug|x64.Build.0 = Debug|x64
		{FE44ADE1-9624-4000-B2E5-662E0FE0F399}.Debug|x86.ActiveCfg = Debug|Win32
		{FE44ADE1-9624-4000-B2E5-662E0FE0F399}.Debug|x86.Build.0 = Debug|Win32
		{FE44ADE1-9624-4000-B2E5-662E0FE0F399}.Release|x64.ActiveCfg = Release|x64
		{FE44ADE1-9624-4000-B2E5-662E0FE0F399}.Release|x64.Build.0 = Release|x64
		{FE44ADE1-9624-4000-B2E5-662E0FE0F399}.Release|x86.ActiveCfg = Release|Win32
		{FE44ADE1-9624-4000-B2E5-662E0FE0F399}.Release|x86.Build.0 = Release|Win32
	EndGlobalSection
	GlobalSection(SolutionProperties) = preSolution
		HideSolutionNode = FALSE
	EndGlobalSection
	GlobalSection(ExtensibilityGlobals) = postSolution
		SolutionGuid = {69A1D1BF-2AFA-4A83-94BA-B9A640F04963}
	EndGlobalSection
EndGlobal
